
Microsoft Visual Studio Solution File, Format Version 12.00
# Visual Studio Version 17
VisualStudioVersion = 17.4.33110.190
MinimumVisualStudioVersion = 10.0.40219.1
Project("{FAE04EC0-301F-11D3-BF4B-00C04F79EFBC}") = "Dz1AspNet", "Dz1AspNet\Dz1AspNet.csproj", "{1A9821D8-78FA-42A7-AC96-655C1B82E99B}"
EndProject
Global
	GlobalSection(SolutionConfigurationPlatforms) = preSolution
		Debug|Any CPU = Debug|Any CPU
		Release|Any CPU = Release|Any CPU
	EndGlobalSection
	GlobalSection(ProjectConfigurationPlatforms) = postSolution
		{1A9821D8-78FA-42A7-AC96-655C1B82E99B}.Debug|Any CPU.ActiveCfg = Debug|Any CPU
		{1A9821D8-78FA-42A7-AC96-655C1B82E99B}.Debug|Any CPU.Build.0 = Debug|Any CPU
		{1A9821D8-78FA-42A7-AC96-655C1B82E99B}.Release|Any CPU.ActiveCfg = Release|Any CPU
		{1A9821D8-78FA-42A7-AC96-655C1B82E99B}.Release|Any CPU.Build.0 = Release|Any CPU
	EndGlobalSection
	GlobalSection(SolutionProperties) = preSolution
		HideSolutionNode = FALSE
	EndGlobalSection
	GlobalSection(ExtensibilityGlobals) = postSolution
		SolutionGuid = {DFE76206-180A-4BC2-8152-DFAB82EAE026}
	EndGlobalSection
EndGlobal
